#MicroXplorer Configuration settings - do not modify
ADC.IPParameters=Rank
ADC.Rank=ADC_RANK_CHANNEL_NUMBER
File.Version=6
I2C1.IPParameters=OwnAddress2Masks,Timing
I2C1.OwnAddress2Masks=I2C_OA2_NOMASK
I2C1.Timing=0x2000090E
IWDG.IPParameters=Prescaler
IWDG.Prescaler=IWDG_PRESCALER_64
KeepUserPlacement=false
Mcu.Family=STM32F0
Mcu.IP0=ADC
Mcu.IP1=I2C1
Mcu.IP2=IWDG
Mcu.IP3=NVIC
Mcu.IP4=RCC
Mcu.IP5=SYS
Mcu.IP6=TIM3
Mcu.IP7=USART1
Mcu.IP8=USART2
Mcu.IPNb=9
Mcu.Name=STM32F051C6Tx
Mcu.Package=LQFP48
Mcu.Pin0=PC13
Mcu.Pin1=PC14-OSC32_IN
Mcu.Pin10=PA5
Mcu.Pin11=PA6
Mcu.Pin12=PA7
Mcu.Pin13=PB0
Mcu.Pin14=PB1
Mcu.Pin15=PB2
Mcu.Pin16=PB10
Mcu.Pin17=PB11
Mcu.Pin18=PA9
Mcu.Pin19=PA10
Mcu.Pin2=PC15-OSC32_OUT
Mcu.Pin20=PA14
Mcu.Pin21=PB4
Mcu.Pin22=PB5
Mcu.Pin23=PB6
Mcu.Pin24=PB7
Mcu.Pin25=PB8
Mcu.Pin26=PB9
Mcu.Pin27=VP_IWDG_VS_IWDG
Mcu.Pin28=VP_SYS_VS_Systick
Mcu.Pin29=VP_TIM3_VS_ControllerModeReset
Mcu.Pin3=PF0-OSC_IN
Mcu.Pin30=VP_TIM3_VS_ClockSourceINT
Mcu.Pin4=PF1-OSC_OUT
Mcu.Pin5=PA0
Mcu.Pin6=PA1
Mcu.Pin7=PA2
Mcu.Pin8=PA3
Mcu.Pin9=PA4
Mcu.PinsNb=31
Mcu.UserConstants=
Mcu.UserName=STM32F030C8Tx
MxCube.Version=4.20.0
MxDb.Version=DB.4.0.200
NVIC.HardFault_IRQn=true\:0\:0\:false\:false\:true
NVIC.NonMaskableInt_IRQn=true\:0\:0\:false\:false\:true
NVIC.PendSV_IRQn=true\:0\:0\:false\:false\:true
NVIC.SVC_IRQn=true\:0\:0\:false\:false\:true
NVIC.SysTick_IRQn=true\:0\:0\:false\:false\:true
NVIC.TIM3_IRQn=true\:0\:0\:false\:false\:true
PA0.Locked=true
PA0.Mode=IN0
PA0.Signal=ADC_IN0
PA1.Locked=true
PA1.Signal=GPIO_Input
PA10.Locked=true
PA10.Mode=Asynchronous
PA10.Signal=USART1_RX
PA14.Mode=Asynchronous
PA14.Signal=USART2_TX
PA2.Locked=true
PA2.Signal=GPIO_Input
PA3.Locked=true
PA3.Mode=Asynchronous
PA3.Signal=USART2_RX
PA4.Locked=true
PA4.Signal=GPIO_Input
PA5.Locked=true
PA5.Signal=GPIO_Input
PA6.Locked=true
PA6.Signal=S_TIM3_CH1
PA7.Locked=true
PA7.Mode=IN7
PA7.Signal=ADC_IN7
PA9.Locked=true
PA9.Mode=Asynchronous
PA9.Signal=USART1_TX
PB0.Locked=true
PB0.Mode=IN8
PB0.Signal=ADC_IN8
PB1.Locked=true
PB1.Signal=GPIO_Input
PB10.GPIOParameters=PinState,GPIO_ModeDefaultOutputPP
PB10.GPIO_ModeDefaultOutputPP=GPIO_MODE_OUTPUT_OD
PB10.Locked=true
PB10.PinState=GPIO_PIN_SET
PB10.Signal=GPIO_Output
PB11.GPIOParameters=PinState,GPIO_ModeDefaultOutputPP
PB11.GPIO_ModeDefaultOutputPP=GPIO_MODE_OUTPUT_OD
PB11.Locked=true
PB11.PinState=GPIO_PIN_SET
PB11.Signal=GPIO_Output
PB2.GPIOParameters=PinState,GPIO_ModeDefaultOutputPP
PB2.GPIO_ModeDefaultOutputPP=GPIO_MODE_OUTPUT_OD
PB2.Locked=true
PB2.PinState=GPIO_PIN_SET
PB2.Signal=GPIO_Output
PB4.Locked=true
PB4.Signal=GPIO_Input
PB5.Locked=true
PB5.Signal=GPIO_Input
PB6.Locked=true
PB6.Mode=I2C
PB6.Signal=I2C1_SCL
PB7.Locked=true
PB7.Mode=I2C
PB7.Signal=I2C1_SDA
PB8.Locked=true
PB8.Signal=GPIO_Input
PB9.Locked=true
PB9.Signal=GPIO_Input
PC13.Locked=true
PC13.Signal=GPIO_Input
PC14-OSC32_IN.Locked=true
PC14-OSC32_IN.Signal=GPIO_Input
PC15-OSC32_OUT.Locked=true
PC15-OSC32_OUT.Signal=GPIO_Input
PCC.Checker=false
PCC.Line=STM32F0x1
PCC.MCU=STM32F051C6Tx
PCC.MXVersion=4.20.0
PCC.PartNumber=STM32F030C8Tx
PCC.Seq0=0
PCC.Series=STM32F0
PCC.Temperature=25
PCC.Vdd=3.6
PF0-OSC_IN.Locked=true
PF0-OSC_IN.Signal=GPIO_Input
PF1-OSC_OUT.Locked=true
PF1-OSC_OUT.Signal=GPIO_Input
ProjectManager.AskForMigrate=true
ProjectManager.BackupPrevious=false
ProjectManager.CompilerOptimize=2
ProjectManager.ComputerToolchain=false
ProjectManager.CoupleFile=false
ProjectManager.CustomerFirmwarePackage=E\:\\ARM\\STM32F0\\STM32Cube_FW_F0_V1.7.0
ProjectManager.DefaultFWLocation=false
ProjectManager.DeletePrevious=true
ProjectManager.DeviceId=STM32F030C8Tx
ProjectManager.FirmwarePackage=STM32Cube FW_F0 V1.7.0
ProjectManager.FreePins=false
ProjectManager.HalAssertFull=false
ProjectManager.HeapSize=0x200
ProjectManager.KeepUserCode=true
ProjectManager.LastFirmware=true
ProjectManager.LibraryCopy=0
ProjectManager.PreviousToolchain=
ProjectManager.ProjectBuild=false
ProjectManager.ProjectFileName=PLAYER.ioc
ProjectManager.ProjectName=PLAYER
ProjectManager.StackSize=0x400
ProjectManager.TargetToolchain=MDK-ARM V5
ProjectManager.ToolChainLocation=
ProjectManager.UnderRoot=false
ProjectManager.functionlistsort=1-MX_GPIO_Init-GPIO-false-HAL,2-SystemClock_Config-RCC-false-HAL,3-MX_I2C1_Init-I2C1-false-HAL,4-MX_TIM3_Init-TIM3-false-HAL,5-MX_USART1_UART_Init-USART1-false-HAL,6-MX_USART2_UART_Init-USART2-false-HAL,7-MX_ADC_Init-ADC-false-HAL,8-MX_IWDG_Init-IWDG-false-HAL
RCC.AHBFreq_Value=48000000
RCC.APB1Freq_Value=48000000
RCC.APB1TimFreq_Value=48000000
RCC.CECEnable=false
RCC.CECFreq_Value=32786.88524590164
RCC.ClockTypeHCLK=RCC_CLOCKTYPE_HCLK
RCC.ClockTypePCLK1=RCC_CLOCKTYPE_PCLK1
RCC.DATA_CACHE_ENABLE=0
RCC.EnableHSE=false
RCC.EnableHSERTCDevisor=false
RCC.EnableLSE=false
RCC.EnableLSERTC=false
RCC.EnableMCOMultDivisor=false
RCC.FCLKCortexFreq_Value=48000000
RCC.FamilyName=M
RCC.HCLKFreq_Value=48000000
RCC.HSEState=RCC_HSE_OFF
RCC.HSI14State=RCC_HSI14_ON
RCC.HSI48State=RCC_HSI48_OFF
RCC.HSICECFreq_Value=32786.88524590164
RCC.HSIState=RCC_HSI_ON
RCC.I2C1Enable=true
RCC.I2C1Freq_Value=8000000
RCC.I2SFreq_Value=48000000
RCC.I2c1ClockSelection=RCC_I2C1CLKSOURCE_HSI
RCC.INSTRUCTION_CACHE_ENABLE=0
RCC.IPParameters=AHBFreq_Value,APB1Freq_Value,APB1TimFreq_Value,CECEnable,CECFreq_Value,ClockTypeHCLK,ClockTypePCLK1,DATA_CACHE_ENABLE,EnableHSE,EnableHSERTCDevisor,EnableLSE,EnableLSERTC,EnableMCOMultDivisor,FCLKCortexFreq_Value,FamilyName,HCLKFreq_Value,HSEState,HSI14State,HSI48State,HSICECFreq_Value,HSIState,I2C1Enable,I2C1Freq_Value,I2SFreq_Value,I2c1ClockSelection,INSTRUCTION_CACHE_ENABLE,IWDGEnable,LSIState,MCOEnable,MCOFreq_Value,OscillatorTypeHSE,OscillatorTypeHSI,OscillatorTypeHSI14,OscillatorTypeLSI,PLLCLKFreq_Value,PLLMCOFreq_Value,PLLMUL,PLLSource,PLLSourceVirtual,PLLState,RCC_MCODiv,RCC_PERIPHCLK_I2C1Var,RCC_PERIPHCLK_USART1Var,RTCEnable,SYSCLKFreq_VALUE,SYSCLKSource,TimSysFreq_Value,USART1Enable,USART1Freq_Value,USART2Enable,USBEnable,VDD_VALUE
RCC.IWDGEnable=true
RCC.LSIState=RCC_LSI_ON
RCC.MCOEnable=false
RCC.MCOFreq_Value=48000000
RCC.OscillatorTypeHSE=
RCC.OscillatorTypeHSI=RCC_OSCILLATORTYPE_HSI
RCC.OscillatorTypeHSI14=RCC_OSCILLATORTYPE_HSI14
RCC.OscillatorTypeLSI=RCC_OSCILLATORTYPE_LSI
RCC.PLLCLKFreq_Value=48000000
RCC.PLLMCOFreq_Value=24000000
RCC.PLLMUL=RCC_PLL_MUL12
RCC.PLLSource=RCC_PLLSOURCE_HSI
RCC.PLLSourceVirtual=RCC_PLLSOURCE_HSI
RCC.PLLState=RCC_PLL_ON
RCC.RCC_MCODiv=RCC_MCODIV_1
RCC.RCC_PERIPHCLK_I2C1Var=RCC_PERIPHCLK_I2C1
RCC.RCC_PERIPHCLK_USART1Var=RCC_PERIPHCLK_USART1
RCC.RTCEnable=false
RCC.SYSCLKFreq_VALUE=48000000
RCC.SYSCLKSource=RCC_SYSCLKSOURCE_PLLCLK
RCC.TimSysFreq_Value=48000000
RCC.USART1Enable=true
RCC.USART1Freq_Value=48000000
RCC.USART2Enable=true
RCC.USBEnable=false
RCC.VDD_VALUE=3.3
SH.S_TIM3_CH1.0=TIM3_CH1,Input_Capture1_from_TI1
SH.S_TIM3_CH1.1=TIM3_CH1,TriggerSource_TI1FP1
SH.S_TIM3_CH1.ConfNb=2
TIM3.Channel-Input_Capture1_from_TI1=TIM_CHANNEL_1
TIM3.ICFilter_CH1=0
TIM3.ICPolarity_CH1=TIM_INPUTCHANNELPOLARITY_FALLING
TIM3.IPParameters=Channel-Input_Capture1_from_TI1,ICPolarity_CH1,ICFilter_CH1
USART1.BaudRate=115200
USART1.HwFlowCtl-Asynchronous=UART_HWCONTROL_NONE
USART1.IPParameters=BaudRate,WordLength,VirtualMode-Asynchronous,HwFlowCtl-Asynchronous
USART1.VirtualMode-Asynchronous=VM_ASYNC
USART1.WordLength=WORDLENGTH_8B
USART2.BaudRate=115200
USART2.HwFlowCtl-Asynchronous=UART_HWCONTROL_NONE
USART2.IPParameters=BaudRate,VirtualMode-Asynchronous,HwFlowCtl-Asynchronous
USART2.VirtualMode-Asynchronous=VM_ASYNC
VP_IWDG_VS_IWDG.Mode=IWDG_Activate
VP_IWDG_VS_IWDG.Signal=IWDG_VS_IWDG
VP_SYS_VS_Systick.Mode=SysTick
VP_SYS_VS_Systick.Signal=SYS_VS_Systick
VP_TIM3_VS_ClockSourceINT.Mode=Internal
VP_TIM3_VS_ClockSourceINT.Signal=TIM3_VS_ClockSourceINT
VP_TIM3_VS_ControllerModeReset.Mode=Reset Mode
VP_TIM3_VS_ControllerModeReset.Signal=TIM3_VS_ControllerModeReset
board=PLAYER
